
Microsoft Visual Studio Solution File, Format Version 12.00
# Visual Studio 2013
VisualStudioVersion = 12.0.21005.1
MinimumVisualStudioVersion = 10.0.40219.1
Project("{FAE04EC0-301F-11D3-BF4B-00C04F79EFBC}") = "TLC_Model", "TLC_Model\TLC_Model.csproj", "{09718053-7CBE-48A8-B5D1-C57EC8E1413B}"
EndProject
Project("{FAE04EC0-301F-11D3-BF4B-00C04F79EFBC}") = "TLC_Globe_Special", "TLC_Globe_Special\TLC_Globe_Special.csproj", "{5DCFFCB1-50EC-476E-A712-E4E29A77928B}"
EndProject
Project("{FAE04EC0-301F-11D3-BF4B-00C04F79EFBC}") = "TLC_Globe_Normal", "TLC_Globe_Normal\TLC_Globe_Normal.csproj", "{3CA01C0C-C088-4903-90F6-D1C34E49D3E8}"
EndProject
Project("{FAE04EC0-301F-11D3-BF4B-00C04F79EFBC}") = "TLC_Globe_SpecialNormal", "TLC_Globe_SpecialNormal\TLC_Globe_SpecialNormal.csproj", "{35E507D4-1BC1-414C-9F87-6F8219C11DB8}"
EndProject
Project("{FAE04EC0-301F-11D3-BF4B-00C04F79EFBC}") = "TLC_Globe_NormalSix", "TLC_Globe_NormalSix\TLC_Globe_NormalSix.csproj", "{E677ACA3-9014-466B-B05C-9C34D0E06B16}"
EndProject
Project("{FAE04EC0-301F-11D3-BF4B-00C04F79EFBC}") = "TLC_Globe_Detail", "TLC_Globe_OneDetail\TLC_Globe_Detail.csproj", "{1A66D534-CA20-4FA6-94F1-2140211498FA}"
EndProject
Project("{FAE04EC0-301F-11D3-BF4B-00C04F79EFBC}") = "TLC_Globe_SpecialAnimal", "TLC_Globe_SpecialAnimal\TLC_Globe_SpecialAnimal.csproj", "{DF191768-54EC-48E8-8D21-C2D09A080DE0}"
EndProject
Project("{FAE04EC0-301F-11D3-BF4B-00C04F79EFBC}") = "TLC_Globe_CombineAnimal", "TLC_Globe_CombineAnimal\TLC_Globe_CombineAnimal.csproj", "{6484C8E4-3C54-40FF-BA75-C9242A2C4EAD}"
EndProject
Project("{FAE04EC0-301F-11D3-BF4B-00C04F79EFBC}") = "TLC_Globe_LineAnimal", "TLC_Globe_LineAnimal\TLC_Globe_LineAnimal.csproj", "{9B0F6042-0CC7-4389-9A27-96541C038092}"
EndProject
Project("{FAE04EC0-301F-11D3-BF4B-00C04F79EFBC}") = "TLC_Globe_LineDetail", "TLC_Globe_LineDetail\TLC_Globe_LineDetail.csproj", "{939EC110-FD5D-44B8-BF44-4F27C90C7514}"
EndProject
Project("{FAE04EC0-301F-11D3-BF4B-00C04F79EFBC}") = "TLC_Globe_NotAll", "TLC_Globe_NotAll\TLC_Globe_NotAll.csproj", "{35AC5587-6EF8-4486-8E7B-9292EC79F6CA}"
EndProject
Project("{FAE04EC0-301F-11D3-BF4B-00C04F79EFBC}") = "TLC_BLL", "TLC_BLL\TLC_BLL.csproj", "{EED7E622-A6B2-43F6-852A-0D4B47C4E74D}"
EndProject
Project("{FAE04EC0-301F-11D3-BF4B-00C04F79EFBC}") = "TLC_DAL", "TLC_DAL\TLC_DAL.csproj", "{4453A441-488D-4380-9B09-9BAE683E7524}"
EndProject
Project("{2150E333-8FDC-42A3-9474-1A3956D46DE8}") = "TLC_Globe", "TLC_Globe", "{FA6124FC-D125-4323-844A-D9E0A5C756AA}"
EndProject
Project("{2150E333-8FDC-42A3-9474-1A3956D46DE8}") = "TLC_Common", "TLC_Common", "{E665D01C-5AB9-48C6-A171-C01B0127ECC7}"
EndProject
Project("{FAE04EC0-301F-11D3-BF4B-00C04F79EFBC}") = "TLC_Globe_Line", "TLC_Globe_Line\TLC_Globe_Line.csproj", "{03DA05B7-8ACA-4CDD-B059-383E2FB2866F}"
EndProject
Project("{FAE04EC0-301F-11D3-BF4B-00C04F79EFBC}") = "TLC_Globe_Wave", "TLC_Globe_Wave\TLC_Globe_Wave.csproj", "{E7EB966E-CE5E-4DC0-8053-0EAD3AA168CF}"
EndProject
Project("{FAE04EC0-301F-11D3-BF4B-00C04F79EFBC}") = "TLC_APP", "TLC_APP\TLC_APP.csproj", "{B1FA5591-59DA-4E22-A3B6-8F6C92AF0C3E}"
EndProject
Project("{FAE04EC0-301F-11D3-BF4B-00C04F79EFBC}") = "TEST_TLC", "TEST_TLC\TEST_TLC.csproj", "{4A6A2F66-2969-45E8-B292-F7C5EAF58D53}"
EndProject
Project("{FAE04EC0-301F-11D3-BF4B-00C04F79EFBC}") = "TLC_Handler", "TLC_Handler\TLC_Handler.csproj", "{E57DA07D-0040-46D3-B744-85D887119D93}"
EndProject
Global
	GlobalSection(SolutionConfigurationPlatforms) = preSolution
		Debug|Any CPU = Debug|Any CPU
		Release|Any CPU = Release|Any CPU
	EndGlobalSection
	GlobalSection(ProjectConfigurationPlatforms) = postSolution
		{09718053-7CBE-48A8-B5D1-C57EC8E1413B}.Debug|Any CPU.ActiveCfg = Debug|Any CPU
		{09718053-7CBE-48A8-B5D1-C57EC8E1413B}.Debug|Any CPU.Build.0 = Debug|Any CPU
		{09718053-7CBE-48A8-B5D1-C57EC8E1413B}.Release|Any CPU.ActiveCfg = Release|Any CPU
		{09718053-7CBE-48A8-B5D1-C57EC8E1413B}.Release|Any CPU.Build.0 = Release|Any CPU
		{5DCFFCB1-50EC-476E-A712-E4E29A77928B}.Debug|Any CPU.ActiveCfg = Debug|Any CPU
		{5DCFFCB1-50EC-476E-A712-E4E29A77928B}.Debug|Any CPU.Build.0 = Debug|Any CPU
		{5DCFFCB1-50EC-476E-A712-E4E29A77928B}.Release|Any CPU.ActiveCfg = Release|Any CPU
		{5DCFFCB1-50EC-476E-A712-E4E29A77928B}.Release|Any CPU.Build.0 = Release|Any CPU
		{3CA01C0C-C088-4903-90F6-D1C34E49D3E8}.Debug|Any CPU.ActiveCfg = Debug|Any CPU
		{3CA01C0C-C088-4903-90F6-D1C34E49D3E8}.Debug|Any CPU.Build.0 = Debug|Any CPU
		{3CA01C0C-C088-4903-90F6-D1C34E49D3E8}.Release|Any CPU.ActiveCfg = Release|Any CPU
		{3CA01C0C-C088-4903-90F6-D1C34E49D3E8}.Release|Any CPU.Build.0 = Release|Any CPU
		{35E507D4-1BC1-414C-9F87-6F8219C11DB8}.Debug|Any CPU.ActiveCfg = Debug|Any CPU
		{35E507D4-1BC1-414C-9F87-6F8219C11DB8}.Debug|Any CPU.Build.0 = Debug|Any CPU
		{35E507D4-1BC1-414C-9F87-6F8219C11DB8}.Release|Any CPU.ActiveCfg = Release|Any CPU
		{35E507D4-1BC1-414C-9F87-6F8219C11DB8}.Release|Any CPU.Build.0 = Release|Any CPU
		{E677ACA3-9014-466B-B05C-9C34D0E06B16}.Debug|Any CPU.ActiveCfg = Debug|Any CPU
		{E677ACA3-9014-466B-B05C-9C34D0E06B16}.Debug|Any CPU.Build.0 = Debug|Any CPU
		{E677ACA3-9014-466B-B05C-9C34D0E06B16}.Release|Any CPU.ActiveCfg = Release|Any CPU
		{E677ACA3-9014-466B-B05C-9C34D0E06B16}.Release|Any CPU.Build.0 = Release|Any CPU
		{1A66D534-CA20-4FA6-94F1-2140211498FA}.Debug|Any CPU.ActiveCfg = Debug|Any CPU
		{1A66D534-CA20-4FA6-94F1-2140211498FA}.Debug|Any CPU.Build.0 = Debug|Any CPU
		{1A66D534-CA20-4FA6-94F1-2140211498FA}.Release|Any CPU.ActiveCfg = Release|Any CPU
		{1A66D534-CA20-4FA6-94F1-2140211498FA}.Release|Any CPU.Build.0 = Release|Any CPU
		{DF191768-54EC-48E8-8D21-C2D09A080DE0}.Debug|Any CPU.ActiveCfg = Debug|Any CPU
		{DF191768-54EC-48E8-8D21-C2D09A080DE0}.Debug|Any CPU.Build.0 = Debug|Any CPU
		{DF191768-54EC-48E8-8D21-C2D09A080DE0}.Release|Any CPU.ActiveCfg = Release|Any CPU
		{DF191768-54EC-48E8-8D21-C2D09A080DE0}.Release|Any CPU.Build.0 = Release|Any CPU
		{6484C8E4-3C54-40FF-BA75-C9242A2C4EAD}.Debug|Any CPU.ActiveCfg = Debug|Any CPU
		{6484C8E4-3C54-40FF-BA75-C9242A2C4EAD}.Debug|Any CPU.Build.0 = Debug|Any CPU
		{6484C8E4-3C54-40FF-BA75-C9242A2C4EAD}.Release|Any CPU.ActiveCfg = Release|Any CPU
		{6484C8E4-3C54-40FF-BA75-C9242A2C4EAD}.Release|Any CPU.Build.0 = Release|Any CPU
		{9B0F6042-0CC7-4389-9A27-96541C038092}.Debug|Any CPU.ActiveCfg = Debug|Any CPU
		{9B0F6042-0CC7-4389-9A27-96541C038092}.Debug|Any CPU.Build.0 = Debug|Any CPU
		{9B0F6042-0CC7-4389-9A27-96541C038092}.Release|Any CPU.ActiveCfg = Release|Any CPU
		{9B0F6042-0CC7-4389-9A27-96541C038092}.Release|Any CPU.Build.0 = Release|Any CPU
		{939EC110-FD5D-44B8-BF44-4F27C90C7514}.Debug|Any CPU.ActiveCfg = Debug|Any CPU
		{939EC110-FD5D-44B8-BF44-4F27C90C7514}.Debug|Any CPU.Build.0 = Debug|Any CPU
		{939EC110-FD5D-44B8-BF44-4F27C90C7514}.Release|Any CPU.ActiveCfg = Release|Any CPU
		{939EC110-FD5D-44B8-BF44-4F27C90C7514}.Release|Any CPU.Build.0 = Release|Any CPU
		{35AC5587-6EF8-4486-8E7B-9292EC79F6CA}.Debug|Any CPU.ActiveCfg = Debug|Any CPU
		{35AC5587-6EF8-4486-8E7B-9292EC79F6CA}.Debug|Any CPU.Build.0 = Debug|Any CPU
		{35AC5587-6EF8-4486-8E7B-9292EC79F6CA}.Release|Any CPU.ActiveCfg = Release|Any CPU
		{35AC5587-6EF8-4486-8E7B-9292EC79F6CA}.Release|Any CPU.Build.0 = Release|Any CPU
		{EED7E622-A6B2-43F6-852A-0D4B47C4E74D}.Debug|Any CPU.ActiveCfg = Debug|Any CPU
		{EED7E622-A6B2-43F6-852A-0D4B47C4E74D}.Debug|Any CPU.Build.0 = Debug|Any CPU
		{EED7E622-A6B2-43F6-852A-0D4B47C4E74D}.Release|Any CPU.ActiveCfg = Release|Any CPU
		{EED7E622-A6B2-43F6-852A-0D4B47C4E74D}.Release|Any CPU.Build.0 = Release|Any CPU
		{4453A441-488D-4380-9B09-9BAE683E7524}.Debug|Any CPU.ActiveCfg = Debug|Any CPU
		{4453A441-488D-4380-9B09-9BAE683E7524}.Debug|Any CPU.Build.0 = Debug|Any CPU
		{4453A441-488D-4380-9B09-9BAE683E7524}.Release|Any CPU.ActiveCfg = Release|Any CPU
		{4453A441-488D-4380-9B09-9BAE683E7524}.Release|Any CPU.Build.0 = Release|Any CPU
		{03DA05B7-8ACA-4CDD-B059-383E2FB2866F}.Debug|Any CPU.ActiveCfg = Debug|Any CPU
		{03DA05B7-8ACA-4CDD-B059-383E2FB2866F}.Debug|Any CPU.Build.0 = Debug|Any CPU
		{03DA05B7-8ACA-4CDD-B059-383E2FB2866F}.Release|Any CPU.ActiveCfg = Release|Any CPU
		{03DA05B7-8ACA-4CDD-B059-383E2FB2866F}.Release|Any CPU.Build.0 = Release|Any CPU
		{E7EB966E-CE5E-4DC0-8053-0EAD3AA168CF}.Debug|Any CPU.ActiveCfg = Debug|Any CPU
		{E7EB966E-CE5E-4DC0-8053-0EAD3AA168CF}.Debug|Any CPU.Build.0 = Debug|Any CPU
		{E7EB966E-CE5E-4DC0-8053-0EAD3AA168CF}.Release|Any CPU.ActiveCfg = Release|Any CPU
		{E7EB966E-CE5E-4DC0-8053-0EAD3AA168CF}.Release|Any CPU.Build.0 = Release|Any CPU
		{B1FA5591-59DA-4E22-A3B6-8F6C92AF0C3E}.Debug|Any CPU.ActiveCfg = Debug|Any CPU
		{B1FA5591-59DA-4E22-A3B6-8F6C92AF0C3E}.Debug|Any CPU.Build.0 = Debug|Any CPU
		{B1FA5591-59DA-4E22-A3B6-8F6C92AF0C3E}.Release|Any CPU.ActiveCfg = Release|Any CPU
		{B1FA5591-59DA-4E22-A3B6-8F6C92AF0C3E}.Release|Any CPU.Build.0 = Release|Any CPU
		{4A6A2F66-2969-45E8-B292-F7C5EAF58D53}.Debug|Any CPU.ActiveCfg = Debug|Any CPU
		{4A6A2F66-2969-45E8-B292-F7C5EAF58D53}.Debug|Any CPU.Build.0 = Debug|Any CPU
		{4A6A2F66-2969-45E8-B292-F7C5EAF58D53}.Release|Any CPU.ActiveCfg = Release|Any CPU
		{4A6A2F66-2969-45E8-B292-F7C5EAF58D53}.Release|Any CPU.Build.0 = Release|Any CPU
		{E57DA07D-0040-46D3-B744-85D887119D93}.Debug|Any CPU.ActiveCfg = Debug|Any CPU
		{E57DA07D-0040-46D3-B744-85D887119D93}.Debug|Any CPU.Build.0 = Debug|Any CPU
		{E57DA07D-0040-46D3-B744-85D887119D93}.Release|Any CPU.ActiveCfg = Release|Any CPU
		{E57DA07D-0040-46D3-B744-85D887119D93}.Release|Any CPU.Build.0 = Release|Any CPU
	EndGlobalSection
	GlobalSection(SolutionProperties) = preSolution
		HideSolutionNode = FALSE
	EndGlobalSection
	GlobalSection(NestedProjects) = preSolution
		{EED7E622-A6B2-43F6-852A-0D4B47C4E74D} = {E665D01C-5AB9-48C6-A171-C01B0127ECC7}
		{4453A441-488D-4380-9B09-9BAE683E7524} = {E665D01C-5AB9-48C6-A171-C01B0127ECC7}
		{09718053-7CBE-48A8-B5D1-C57EC8E1413B} = {E665D01C-5AB9-48C6-A171-C01B0127ECC7}
		{3CA01C0C-C088-4903-90F6-D1C34E49D3E8} = {FA6124FC-D125-4323-844A-D9E0A5C756AA}
		{35E507D4-1BC1-414C-9F87-6F8219C11DB8} = {FA6124FC-D125-4323-844A-D9E0A5C756AA}
		{E677ACA3-9014-466B-B05C-9C34D0E06B16} = {FA6124FC-D125-4323-844A-D9E0A5C756AA}
		{1A66D534-CA20-4FA6-94F1-2140211498FA} = {FA6124FC-D125-4323-844A-D9E0A5C756AA}
		{DF191768-54EC-48E8-8D21-C2D09A080DE0} = {FA6124FC-D125-4323-844A-D9E0A5C756AA}
		{6484C8E4-3C54-40FF-BA75-C9242A2C4EAD} = {FA6124FC-D125-4323-844A-D9E0A5C756AA}
		{9B0F6042-0CC7-4389-9A27-96541C038092} = {FA6124FC-D125-4323-844A-D9E0A5C756AA}
		{939EC110-FD5D-44B8-BF44-4F27C90C7514} = {FA6124FC-D125-4323-844A-D9E0A5C756AA}
		{35AC5587-6EF8-4486-8E7B-9292EC79F6CA} = {FA6124FC-D125-4323-844A-D9E0A5C756AA}
		{5DCFFCB1-50EC-476E-A712-E4E29A77928B} = {FA6124FC-D125-4323-844A-D9E0A5C756AA}
		{03DA05B7-8ACA-4CDD-B059-383E2FB2866F} = {FA6124FC-D125-4323-844A-D9E0A5C756AA}
		{E7EB966E-CE5E-4DC0-8053-0EAD3AA168CF} = {FA6124FC-D125-4323-844A-D9E0A5C756AA}
	EndGlobalSection
EndGlobal
